// !$*UTF8*$!
{
	archiveVersion = 1;
	classes = {
	};
	objectVersion = 50;
	objects = {

/* Begin PBXBuildFile section */
		15B1A70D76995B2304D4F5ED /* Pods_diCo.framework in Frameworks */ = {isa = PBXBuildFile; fileRef = 92B7B32440C33B3AA89AA549 /* Pods_diCo.framework */; };
		CE04F48724ECCBD600B80F86 /* RecentCell.swift in Sources */ = {isa = PBXBuildFile; fileRef = CE04F48624ECCBD600B80F86 /* RecentCell.swift */; };
		CE04F48924ECDDEA00B80F86 /* PopularCell.swift in Sources */ = {isa = PBXBuildFile; fileRef = CE04F48824ECDDEA00B80F86 /* PopularCell.swift */; };
		CE04F48C24ECE48300B80F86 /* SignInVC.swift in Sources */ = {isa = PBXBuildFile; fileRef = CE04F48B24ECE48300B80F86 /* SignInVC.swift */; };
		CE04F48E24ECE52B00B80F86 /* ErrorsHandling.swift in Sources */ = {isa = PBXBuildFile; fileRef = CE04F48D24ECE52B00B80F86 /* ErrorsHandling.swift */; };
		CE04F49324ECE66900B80F86 /* LodingViewIndicator.swift in Sources */ = {isa = PBXBuildFile; fileRef = CE04F49224ECE66900B80F86 /* LodingViewIndicator.swift */; };
		CE04F49724ECE98C00B80F86 /* SignUpVC.swift in Sources */ = {isa = PBXBuildFile; fileRef = CE04F49624ECE98C00B80F86 /* SignUpVC.swift */; };
		CE04F49D24ECF8A700B80F86 /* popularVC.swift in Sources */ = {isa = PBXBuildFile; fileRef = CE04F49C24ECF8A700B80F86 /* popularVC.swift */; };
		CE72596A24EA3DA40084A0DD /* AppDelegate.swift in Sources */ = {isa = PBXBuildFile; fileRef = CE72596924EA3DA40084A0DD /* AppDelegate.swift */; };
		CE72596C24EA3DA40084A0DD /* SceneDelegate.swift in Sources */ = {isa = PBXBuildFile; fileRef = CE72596B24EA3DA40084A0DD /* SceneDelegate.swift */; };
		CE72596E24EA3DA40084A0DD /* WelcomeVC.swift in Sources */ = {isa = PBXBuildFile; fileRef = CE72596D24EA3DA40084A0DD /* WelcomeVC.swift */; };
		CE72597124EA3DA40084A0DD /* Main.storyboard in Resources */ = {isa = PBXBuildFile; fileRef = CE72596F24EA3DA40084A0DD /* Main.storyboard */; };
		CE72597324EA3DA70084A0DD /* Assets.xcassets in Resources */ = {isa = PBXBuildFile; fileRef = CE72597224EA3DA70084A0DD /* Assets.xcassets */; };
		CE72597624EA3DA70084A0DD /* LaunchScreen.storyboard in Resources */ = {isa = PBXBuildFile; fileRef = CE72597424EA3DA70084A0DD /* LaunchScreen.storyboard */; };
		CE72598024EA96F60084A0DD /* HomeVC.swift in Sources */ = {isa = PBXBuildFile; fileRef = CE72597F24EA96F60084A0DD /* HomeVC.swift */; };
		CE72598224EB91FC0084A0DD /* SelfSizedTableView.swift in Sources */ = {isa = PBXBuildFile; fileRef = CE72598124EB91FC0084A0DD /* SelfSizedTableView.swift */; };
		CE72598424EBB8D10084A0DD /* LibraryVC.swift in Sources */ = {isa = PBXBuildFile; fileRef = CE72598324EBB8D10084A0DD /* LibraryVC.swift */; };
		CE8A4AD2250050E200DA9D86 /* DetailsVC.swift in Sources */ = {isa = PBXBuildFile; fileRef = CE8A4AD1250050E200DA9D86 /* DetailsVC.swift */; };
		CEC41E0124F08AA6008C8135 /* GoogleService-Info.plist in Resources */ = {isa = PBXBuildFile; fileRef = CEC41E0024F08AA6008C8135 /* GoogleService-Info.plist */; };
/* End PBXBuildFile section */

/* Begin PBXFileReference section */
		503E2364936E766B05C8AE66 /* Pods-diCo.debug.xcconfig */ = {isa = PBXFileReference; includeInIndex = 1; lastKnownFileType = text.xcconfig; name = "Pods-diCo.debug.xcconfig"; path = "Pods/Target Support Files/Pods-diCo/Pods-diCo.debug.xcconfig"; sourceTree = "<group>"; };
		92B7B32440C33B3AA89AA549 /* Pods_diCo.framework */ = {isa = PBXFileReference; explicitFileType = wrapper.framework; includeInIndex = 0; path = Pods_diCo.framework; sourceTree = BUILT_PRODUCTS_DIR; };
		BBA91FCA82B12E4A29D3E12E /* Pods-diCo.release.xcconfig */ = {isa = PBXFileReference; includeInIndex = 1; lastKnownFileType = text.xcconfig; name = "Pods-diCo.release.xcconfig"; path = "Pods/Target Support Files/Pods-diCo/Pods-diCo.release.xcconfig"; sourceTree = "<group>"; };
		CE04F48624ECCBD600B80F86 /* RecentCell.swift */ = {isa = PBXFileReference; lastKnownFileType = sourcecode.swift; path = RecentCell.swift; sourceTree = "<group>"; };
		CE04F48824ECDDEA00B80F86 /* PopularCell.swift */ = {isa = PBXFileReference; lastKnownFileType = sourcecode.swift; path = PopularCell.swift; sourceTree = "<group>"; };
		CE04F48B24ECE48300B80F86 /* SignInVC.swift */ = {isa = PBXFileReference; lastKnownFileType = sourcecode.swift; path = SignInVC.swift; sourceTree = "<group>"; };
		CE04F48D24ECE52B00B80F86 /* ErrorsHandling.swift */ = {isa = PBXFileReference; lastKnownFileType = sourcecode.swift; path = ErrorsHandling.swift; sourceTree = "<group>"; };
		CE04F49224ECE66900B80F86 /* LodingViewIndicator.swift */ = {isa = PBXFileReference; lastKnownFileType = sourcecode.swift; path = LodingViewIndicator.swift; sourceTree = "<group>"; };
		CE04F49624ECE98C00B80F86 /* SignUpVC.swift */ = {isa = PBXFileReference; lastKnownFileType = sourcecode.swift; path = SignUpVC.swift; sourceTree = "<group>"; };
		CE04F49C24ECF8A700B80F86 /* popularVC.swift */ = {isa = PBXFileReference; lastKnownFileType = sourcecode.swift; path = popularVC.swift; sourceTree = "<group>"; };
		CE72596624EA3DA40084A0DD /* diCo.app */ = {isa = PBXFileReference; explicitFileType = wrapper.application; includeInIndex = 0; path = diCo.app; sourceTree = BUILT_PRODUCTS_DIR; };
		CE72596924EA3DA40084A0DD /* AppDelegate.swift */ = {isa = PBXFileReference; lastKnownFileType = sourcecode.swift; path = AppDelegate.swift; sourceTree = "<group>"; };
		CE72596B24EA3DA40084A0DD /* SceneDelegate.swift */ = {isa = PBXFileReference; lastKnownFileType = sourcecode.swift; path = SceneDelegate.swift; sourceTree = "<group>"; };
		CE72596D24EA3DA40084A0DD /* WelcomeVC.swift */ = {isa = PBXFileReference; lastKnownFileType = sourcecode.swift; path = WelcomeVC.swift; sourceTree = "<group>"; };
		CE72597024EA3DA40084A0DD /* Base */ = {isa = PBXFileReference; lastKnownFileType = file.storyboard; name = Base; path = Base.lproj/Main.storyboard; sourceTree = "<group>"; };
		CE72597224EA3DA70084A0DD /* Assets.xcassets */ = {isa = PBXFileReference; lastKnownFileType = folder.assetcatalog; path = Assets.xcassets; sourceTree = "<group>"; };
		CE72597524EA3DA70084A0DD /* Base */ = {isa = PBXFileReference; lastKnownFileType = file.storyboard; name = Base; path = Base.lproj/LaunchScreen.storyboard; sourceTree = "<group>"; };
		CE72597724EA3DA70084A0DD /* Info.plist */ = {isa = PBXFileReference; lastKnownFileType = text.plist.xml; path = Info.plist; sourceTree = "<group>"; };
		CE72597F24EA96F60084A0DD /* HomeVC.swift */ = {isa = PBXFileReference; lastKnownFileType = sourcecode.swift; path = HomeVC.swift; sourceTree = "<group>"; };
		CE72598124EB91FC0084A0DD /* SelfSizedTableView.swift */ = {isa = PBXFileReference; lastKnownFileType = sourcecode.swift; path = SelfSizedTableView.swift; sourceTree = "<group>"; };
		CE72598324EBB8D10084A0DD /* LibraryVC.swift */ = {isa = PBXFileReference; lastKnownFileType = sourcecode.swift; path = LibraryVC.swift; sourceTree = "<group>"; };
		CE8A4AD1250050E200DA9D86 /* DetailsVC.swift */ = {isa = PBXFileReference; lastKnownFileType = sourcecode.swift; path = DetailsVC.swift; sourceTree = "<group>"; };
		CEC41E0024F08AA6008C8135 /* GoogleService-Info.plist */ = {isa = PBXFileReference; fileEncoding = 4; lastKnownFileType = text.plist.xml; path = "GoogleService-Info.plist"; sourceTree = "<group>"; };
		CEC41E0224F08BD4008C8135 /* FirebaseDatabase.framework */ = {isa = PBXFileReference; explicitFileType = wrapper.framework; path = FirebaseDatabase.framework; sourceTree = BUILT_PRODUCTS_DIR; };
/* End PBXFileReference section */

/* Begin PBXFrameworksBuildPhase section */
		CE72596324EA3DA40084A0DD /* Frameworks */ = {
			isa = PBXFrameworksBuildPhase;
			buildActionMask = 2147483647;
			files = (
				15B1A70D76995B2304D4F5ED /* Pods_diCo.framework in Frameworks */,
			);
			runOnlyForDeploymentPostprocessing = 0;
		};
/* End PBXFrameworksBuildPhase section */

/* Begin PBXGroup section */
		B654DB86F95026A9F6E8A880 /* Frameworks */ = {
			isa = PBXGroup;
			children = (
				CEC41E0224F08BD4008C8135 /* FirebaseDatabase.framework */,
				92B7B32440C33B3AA89AA549 /* Pods_diCo.framework */,
			);
			name = Frameworks;
			sourceTree = "<group>";
		};
		CDFACE635BB4211B46239F16 /* Pods */ = {
			isa = PBXGroup;
			children = (
				503E2364936E766B05C8AE66 /* Pods-diCo.debug.xcconfig */,
				BBA91FCA82B12E4A29D3E12E /* Pods-diCo.release.xcconfig */,
			);
			name = Pods;
			sourceTree = "<group>";
		};
		CE04F48A24ECE44500B80F86 /* Login firebase */ = {
			isa = PBXGroup;
			children = (
				CE04F48B24ECE48300B80F86 /* SignInVC.swift */,
				CE04F48D24ECE52B00B80F86 /* ErrorsHandling.swift */,
				CE04F49224ECE66900B80F86 /* LodingViewIndicator.swift */,
				CE04F49624ECE98C00B80F86 /* SignUpVC.swift */,
			);
			path = "Login firebase";
			sourceTree = "<group>";
		};
		CE72595D24EA3DA40084A0DD = {
			isa = PBXGroup;
			children = (
				CE72596824EA3DA40084A0DD /* diCo */,
				CE72596724EA3DA40084A0DD /* Products */,
				CDFACE635BB4211B46239F16 /* Pods */,
				B654DB86F95026A9F6E8A880 /* Frameworks */,
			);
			sourceTree = "<group>";
		};
		CE72596724EA3DA40084A0DD /* Products */ = {
			isa = PBXGroup;
			children = (
				CE72596624EA3DA40084A0DD /* diCo.app */,
			);
			name = Products;
			sourceTree = "<group>";
		};
		CE72596824EA3DA40084A0DD /* diCo */ = {
			isa = PBXGroup;
			children = (
				CE04F48A24ECE44500B80F86 /* Login firebase */,
				CE72596924EA3DA40084A0DD /* AppDelegate.swift */,
				CE72596B24EA3DA40084A0DD /* SceneDelegate.swift */,
				CE72596D24EA3DA40084A0DD /* WelcomeVC.swift */,
				CE72596F24EA3DA40084A0DD /* Main.storyboard */,
				CE8A4AD1250050E200DA9D86 /* DetailsVC.swift */,
				CE04F49C24ECF8A700B80F86 /* popularVC.swift */,
				CE04F48624ECCBD600B80F86 /* RecentCell.swift */,
				CE72598324EBB8D10084A0DD /* LibraryVC.swift */,
				CE72597224EA3DA70084A0DD /* Assets.xcassets */,
				CE04F48824ECDDEA00B80F86 /* PopularCell.swift */,
				CE72597424EA3DA70084A0DD /* LaunchScreen.storyboard */,
				CEC41E0024F08AA6008C8135 /* GoogleService-Info.plist */,
				CE72597724EA3DA70084A0DD /* Info.plist */,
				CE72597F24EA96F60084A0DD /* HomeVC.swift */,
				CE72598124EB91FC0084A0DD /* SelfSizedTableView.swift */,
			);
			path = diCo;
			sourceTree = "<group>";
		};
/* End PBXGroup section */

/* Begin PBXNativeTarget section */
		CE72596524EA3DA40084A0DD /* diCo */ = {
			isa = PBXNativeTarget;
			buildConfigurationList = CE72597A24EA3DA70084A0DD /* Build configuration list for PBXNativeTarget "diCo" */;
			buildPhases = (
				2643843BB181711157D8A74A /* [CP] Check Pods Manifest.lock */,
				CE72596224EA3DA40084A0DD /* Sources */,
				CE72596324EA3DA40084A0DD /* Frameworks */,
				CE72596424EA3DA40084A0DD /* Resources */,
				198FC7BD65B81751C8A50F75 /* [CP] Embed Pods Frameworks */,
			);
			buildRules = (
			);
			dependencies = (
			);
			name = diCo;
			productName = diCo;
			productReference = CE72596624EA3DA40084A0DD /* diCo.app */;
			productType = "com.apple.product-type.application";
		};
/* End PBXNativeTarget section */

/* Begin PBXProject section */
		CE72595E24EA3DA40084A0DD /* Project object */ = {
			isa = PBXProject;
			attributes = {
				LastSwiftUpdateCheck = 1160;
				LastUpgradeCheck = 1160;
				ORGANIZATIONNAME = lgdev;
				TargetAttributes = {
					CE72596524EA3DA40084A0DD = {
						CreatedOnToolsVersion = 11.6;
					};
				};
			};
			buildConfigurationList = CE72596124EA3DA40084A0DD /* Build configuration list for PBXProject "diCo" */;
			compatibilityVersion = "Xcode 9.3";
			developmentRegion = en;
			hasScannedForEncodings = 0;
			knownRegions = (
				en,
				Base,
			);
			mainGroup = CE72595D24EA3DA40084A0DD;
			productRefGroup = CE72596724EA3DA40084A0DD /* Products */;
			projectDirPath = "";
			projectRoot = "";
			targets = (
				CE72596524EA3DA40084A0DD /* diCo */,
			);
		};
/* End PBXProject section */

/* Begin PBXResourcesBuildPhase section */
		CE72596424EA3DA40084A0DD /* Resources */ = {
			isa = PBXResourcesBuildPhase;
			buildActionMask = 2147483647;
			files = (
				CE72597624EA3DA70084A0DD /* LaunchScreen.storyboard in Resources */,
				CEC41E0124F08AA6008C8135 /* GoogleService-Info.plist in Resources */,
				CE72597324EA3DA70084A0DD /* Assets.xcassets in Resources */,
				CE72597124EA3DA40084A0DD /* Main.storyboard in Resources */,
			);
			runOnlyForDeploymentPostprocessing = 0;
		};
/* End PBXResourcesBuildPhase section */

/* Begin PBXShellScriptBuildPhase section */
		198FC7BD65B81751C8A50F75 /* [CP] Embed Pods Frameworks */ = {
			isa = PBXShellScriptBuildPhase;
			buildActionMask = 2147483647;
			files = (
			);
			inputPaths = (
				"${SRCROOT}/Pods/Target Support Files/Pods-diCo/Pods-diCo-frameworks.sh",
				"${BUILT_PRODUCTS_DIR}/GTMSessionFetcher/GTMSessionFetcher.framework",
				"${BUILT_PRODUCTS_DIR}/GoogleUtilities/GoogleUtilities.framework",
				"${BUILT_PRODUCTS_DIR}/Hero/Hero.framework",
				"${BUILT_PRODUCTS_DIR}/PromisesObjC/FBLPromises.framework",
				"${BUILT_PRODUCTS_DIR}/leveldb-library/leveldb.framework",
				"${BUILT_PRODUCTS_DIR}/nanopb/nanopb.framework",
			);
			name = "[CP] Embed Pods Frameworks";
			outputPaths = (
				"${TARGET_BUILD_DIR}/${FRAMEWORKS_FOLDER_PATH}/GTMSessionFetcher.framework",
				"${TARGET_BUILD_DIR}/${FRAMEWORKS_FOLDER_PATH}/GoogleUtilities.framework",
				"${TARGET_BUILD_DIR}/${FRAMEWORKS_FOLDER_PATH}/Hero.framework",
				"${TARGET_BUILD_DIR}/${FRAMEWORKS_FOLDER_PATH}/FBLPromises.framework",
				"${TARGET_BUILD_DIR}/${FRAMEWORKS_FOLDER_PATH}/leveldb.framework",
				"${TARGET_BUILD_DIR}/${FRAMEWORKS_FOLDER_PATH}/nanopb.framework",
			);
			runOnlyForDeploymentPostprocessing = 0;
			shellPath = /bin/sh;
			shellScript = "\"${SRCROOT}/Pods/Target Support Files/Pods-diCo/Pods-diCo-frameworks.sh\"\n";
			showEnvVarsInLog = 0;
		};
		2643843BB181711157D8A74A /* [CP] Check Pods Manifest.lock */ = {
			isa = PBXShellScriptBuildPhase;
			buildActionMask = 2147483647;
			files = (
			);
			inputPaths = (
				"${PODS_PODFILE_DIR_PATH}/Podfile.lock",
				"${PODS_ROOT}/Manifest.lock",
			);
			name = "[CP] Check Pods Manifest.lock";
			outputPaths = (
				"$(DERIVED_FILE_DIR)/Pods-diCo-checkManifestLockResult.txt",
			);
			runOnlyForDeploymentPostprocessing = 0;
			shellPath = /bin/sh;
			shellScript = "diff \"${PODS_PODFILE_DIR_PATH}/Podfile.lock\" \"${PODS_ROOT}/Manifest.lock\" > /dev/null\nif [ $? != 0 ] ; then\n    # print error to STDERR\n    echo \"error: The sandbox is not in sync with the Podfile.lock. Run 'pod install' or update your CocoaPods installation.\" >&2\n    exit 1\nfi\n# This output is used by Xcode 'outputs' to avoid re-running this script phase.\necho \"SUCCESS\" > \"${SCRIPT_OUTPUT_FILE_0}\"\n";
			showEnvVarsInLog = 0;
		};
/* End PBXShellScriptBuildPhase section */

/* Begin PBXSourcesBuildPhase section */
		CE72596224EA3DA40084A0DD /* Sources */ = {
			isa = PBXSourcesBuildPhase;
			buildActionMask = 2147483647;
			files = (
				CE72596E24EA3DA40084A0DD /* WelcomeVC.swift in Sources */,
				CE04F48E24ECE52B00B80F86 /* ErrorsHandling.swift in Sources */,
				CE72598024EA96F60084A0DD /* HomeVC.swift in Sources */,
				CE04F48C24ECE48300B80F86 /* SignInVC.swift in Sources */,
				CE72598424EBB8D10084A0DD /* LibraryVC.swift in Sources */,
				CE72596A24EA3DA40084A0DD /* AppDelegate.swift in Sources */,
				CE72598224EB91FC0084A0DD /* SelfSizedTableView.swift in Sources */,
				CE04F49D24ECF8A700B80F86 /* popularVC.swift in Sources */,
				CE04F48724ECCBD600B80F86 /* RecentCell.swift in Sources */,
				CE72596C24EA3DA40084A0DD /* SceneDelegate.swift in Sources */,
				CE04F49724ECE98C00B80F86 /* SignUpVC.swift in Sources */,
				CE8A4AD2250050E200DA9D86 /* DetailsVC.swift in Sources */,
				CE04F48924ECDDEA00B80F86 /* PopularCell.swift in Sources */,
				CE04F49324ECE66900B80F86 /* LodingViewIndicator.swift in Sources */,
			);
			runOnlyForDeploymentPostprocessing = 0;
		};
/* End PBXSourcesBuildPhase section */

/* Begin PBXVariantGroup section */
		CE72596F24EA3DA40084A0DD /* Main.storyboard */ = {
			isa = PBXVariantGroup;
			children = (
				CE72597024EA3DA40084A0DD /* Base */,
			);
			name = Main.storyboard;
			sourceTree = "<group>";
		};
		CE72597424EA3DA70084A0DD /* LaunchScreen.storyboard */ = {
			isa = PBXVariantGroup;
			children = (
				CE72597524EA3DA70084A0DD /* Base */,
			);
			name = LaunchScreen.storyboard;
			sourceTree = "<group>";
		};
/* End PBXVariantGroup section */

/* Begin XCBuildConfiguration section */
		CE72597824EA3DA70084A0DD /* Debug */ = {
			isa = XCBuildConfiguration;
			buildSettings = {
				ALWAYS_SEARCH_USER_PATHS = NO;
				CLANG_ANALYZER_NONNULL = YES;
				CLANG_ANALYZER_NUMBER_OBJECT_CONVERSION = YES_AGGRESSIVE;
				CLANG_CXX_LANGUAGE_STANDARD = "gnu++14";
				CLANG_CXX_LIBRARY = "libc++";
				CLANG_ENABLE_MODULES = YES;
				CLANG_ENABLE_OBJC_ARC = YES;
				CLANG_ENABLE_OBJC_WEAK = YES;
				CLANG_WARN_BLOCK_CAPTURE_AUTORELEASING = YES;
				CLANG_WARN_BOOL_CONVERSION = YES;
				CLANG_WARN_COMMA = YES;
				CLANG_WARN_CONSTANT_CONVERSION = YES;
				CLANG_WARN_DEPRECATED_OBJC_IMPLEMENTATIONS = YES;
				CLANG_WARN_DIRECT_OBJC_ISA_USAGE = YES_ERROR;
				CLANG_WARN_DOCUMENTATION_COMMENTS = YES;
				CLANG_WARN_EMPTY_BODY = YES;
				CLANG_WARN_ENUM_CONVERSION = YES;
				CLANG_WARN_INFINITE_RECURSION = YES;
				CLANG_WARN_INT_CONVERSION = YES;
				CLANG_WARN_NON_LITERAL_NULL_CONVERSION = YES;
				CLANG_WARN_OBJC_IMPLICIT_RETAIN_SELF = YES;
				CLANG_WARN_OBJC_LITERAL_CONVERSION = YES;
				CLANG_WARN_OBJC_ROOT_CLASS = YES_ERROR;
				CLANG_WARN_RANGE_LOOP_ANALYSIS = YES;
				CLANG_WARN_STRICT_PROTOTYPES = YES;
				CLANG_WARN_SUSPICIOUS_MOVE = YES;
				CLANG_WARN_UNGUARDED_AVAILABILITY = YES_AGGRESSIVE;
				CLANG_WARN_UNREACHABLE_CODE = YES;
				CLANG_WARN__DUPLICATE_METHOD_MATCH = YES;
				COPY_PHASE_STRIP = NO;
				DEBUG_INFORMATION_FORMAT = dwarf;
				ENABLE_STRICT_OBJC_MSGSEND = YES;
				ENABLE_TESTABILITY = YES;
				GCC_C_LANGUAGE_STANDARD = gnu11;
				GCC_DYNAMIC_NO_PIC = NO;
				GCC_NO_COMMON_BLOCKS = YES;
				GCC_OPTIMIZATION_LEVEL = 0;
				GCC_PREPROCESSOR_DEFINITIONS = (
					"DEBUG=1",
					"$(inherited)",
				);
				GCC_WARN_64_TO_32_BIT_CONVERSION = YES;
				GCC_WARN_ABOUT_RETURN_TYPE = YES_ERROR;
				GCC_WARN_UNDECLARED_SELECTOR = YES;
				GCC_WARN_UNINITIALIZED_AUTOS = YES_AGGRESSIVE;
				GCC_WARN_UNUSED_FUNCTION = YES;
				GCC_WARN_UNUSED_VARIABLE = YES;
				IPHONEOS_DEPLOYMENT_TARGET = 13.0;
				MTL_ENABLE_DEBUG_INFO = INCLUDE_SOURCE;
				MTL_FAST_MATH = YES;
				ONLY_ACTIVE_ARCH = YES;
				SDKROOT = iphoneos;
				SWIFT_ACTIVE_COMPILATION_CONDITIONS = DEBUG;
				SWIFT_OPTIMIZATION_LEVEL = "-Onone";
			};
			name = Debug;
		};
		CE72597924EA3DA70084A0DD /* Release */ = {
			isa = XCBuildConfiguration;
			buildSettings = {
				ALWAYS_SEARCH_USER_PATHS = NO;
				CLANG_ANALYZER_NONNULL = YES;
				CLANG_ANALYZER_NUMBER_OBJECT_CONVERSION = YES_AGGRESSIVE;
				CLANG_CXX_LANGUAGE_STANDARD = "gnu++14";
				CLANG_CXX_LIBRARY = "libc++";
				CLANG_ENABLE_MODULES = YES;
				CLANG_ENABLE_OBJC_ARC = YES;
				CLANG_ENABLE_OBJC_WEAK = YES;
				CLANG_WARN_BLOCK_CAPTURE_AUTORELEASING = YES;
				CLANG_WARN_BOOL_CONVERSION = YES;
				CLANG_WARN_COMMA = YES;
				CLANG_WARN_CONSTANT_CONVERSION = YES;
				CLANG_WARN_DEPRECATED_OBJC_IMPLEMENTATIONS = YES;
				CLANG_WARN_DIRECT_OBJC_ISA_USAGE = YES_ERROR;
				CLANG_WARN_DOCUMENTATION_COMMENTS = YES;
				CLANG_WARN_EMPTY_BODY = YES;
				CLANG_WARN_ENUM_CONVERSION = YES;
				CLANG_WARN_INFINITE_RECURSION = YES;
				CLANG_WARN_INT_CONVERSION = YES;
				CLANG_WARN_NON_LITERAL_NULL_CONVERSION = YES;
				CLANG_WARN_OBJC_IMPLICIT_RETAIN_SELF = YES;
				CLANG_WARN_OBJC_LITERAL_CONVERSION = YES;
				CLANG_WARN_OBJC_ROOT_CLASS = YES_ERROR;
				CLANG_WARN_RANGE_LOOP_ANALYSIS = YES;
				CLANG_WARN_STRICT_PROTOTYPES = YES;
				CLANG_WARN_SUSPICIOUS_MOVE = YES;
				CLANG_WARN_UNGUARDED_AVAILABILITY = YES_AGGRESSIVE;
				CLANG_WARN_UNREACHABLE_CODE = YES;
				CLANG_WARN__DUPLICATE_METHOD_MATCH = YES;
				COPY_PHASE_STRIP = NO;
				DEBUG_INFORMATION_FORMAT = "dwarf-with-dsym";
				ENABLE_NS_ASSERTIONS = NO;
				ENABLE_STRICT_OBJC_MSGSEND = YES;
				GCC_C_LANGUAGE_STANDARD = gnu11;
				GCC_NO_COMMON_BLOCKS = YES;
				GCC_WARN_64_TO_32_BIT_CONVERSION = YES;
				GCC_WARN_ABOUT_RETURN_TYPE = YES_ERROR;
				GCC_WARN_UNDECLARED_SELECTOR = YES;
				GCC_WARN_UNINITIALIZED_AUTOS = YES_AGGRESSIVE;
				GCC_WARN_UNUSED_FUNCTION = YES;
				GCC_WARN_UNUSED_VARIABLE = YES;
				IPHONEOS_DEPLOYMENT_TARGET = 13.0;
				MTL_ENABLE_DEBUG_INFO = NO;
				MTL_FAST_MATH = YES;
				SDKROOT = iphoneos;
				SWIFT_COMPILATION_MODE = wholemodule;
				SWIFT_OPTIMIZATION_LEVEL = "-O";
				VALIDATE_PRODUCT = YES;
			};
			name = Release;
		};
		CE72597B24EA3DA70084A0DD /* Debug */ = {
			isa = XCBuildConfiguration;
			baseConfigurationReference = 503E2364936E766B05C8AE66 /* Pods-diCo.debug.xcconfig */;
			buildSettings = {
				ASSETCATALOG_COMPILER_APPICON_NAME = AppIcon;
				CODE_SIGN_STYLE = Automatic;
				DEVELOPMENT_TEAM = DGTX6666TQ;
				INFOPLIST_FILE = diCo/Info.plist;
				IPHONEOS_DEPLOYMENT_TARGET = 13.0;
				LD_RUNPATH_SEARCH_PATHS = (
					"$(inherited)",
					"@executable_path/Frameworks",
				);
				PRODUCT_BUNDLE_IDENTIFIER = com.Lgdevsoftware.diCo;
				PRODUCT_NAME = "$(TARGET_NAME)";
				SWIFT_VERSION = 5.0;
				TARGETED_DEVICE_FAMILY = 1;
			};
			name = Debug;
		};
		CE72597C24EA3DA70084A0DD /* Release */ = {
			isa = XCBuildConfiguration;
			baseConfigurationReference = BBA91FCA82B12E4A29D3E12E /* Pods-diCo.release.xcconfig */;
			buildSettings = {
				ASSETCATALOG_COMPILER_APPICON_NAME = AppIcon;
				CODE_SIGN_STYLE = Automatic;
				DEVELOPMENT_TEAM = DGTX6666TQ;
				INFOPLIST_FILE = diCo/Info.plist;
				IPHONEOS_DEPLOYMENT_TARGET = 13.0;
				LD_RUNPATH_SEARCH_PATHS = (
					"$(inherited)",
					"@executable_path/Frameworks",
				);
				PRODUCT_BUNDLE_IDENTIFIER = com.Lgdevsoftware.diCo;
				PRODUCT_NAME = "$(TARGET_NAME)";
				SWIFT_VERSION = 5.0;
				TARGETED_DEVICE_FAMILY = 1;
			};
			name = Release;
		};
/* End XCBuildConfiguration section */

/* Begin XCConfigurationList section */
		CE72596124EA3DA40084A0DD /* Build configuration list for PBXProject "diCo" */ = {
			isa = XCConfigurationList;
			buildConfigurations = (
				CE72597824EA3DA70084A0DD /* Debug */,
				CE72597924EA3DA70084A0DD /* Release */,
			);
			defaultConfigurationIsVisible = 0;
			defaultConfigurationName = Release;
		};
		CE72597A24EA3DA70084A0DD /* Build configuration list for PBXNativeTarget "diCo" */ = {
			isa = XCConfigurationList;
			buildConfigurations = (
				CE72597B24EA3DA70084A0DD /* Debug */,
				CE72597C24EA3DA70084A0DD /* Release */,
			);
			defaultConfigurationIsVisible = 0;
			defaultConfigurationName = Release;
		};
/* End XCConfigurationList section */
	};
	rootObject = CE72595E24EA3DA40084A0DD /* Project object */;
}
